{
  "requires": true,
  "lockfileVersion": 1,
  "dependencies": {
    "intl-tel-input": {
      "version": "17.0.12",
      "resolved": "https://registry.npmjs.org/intl-tel-input/-/intl-tel-input-17.0.12.tgz",
      "integrity": "sha512-jl3DkDQg/aaIPK2hrvtgX2eYgtkz5LxCQW57Ru1Hpdt9MA9VE8PnGUllaMsAm6SeJODHBdMok7XFZR8/M1yytg=="
    }
  }
}
